
Microsoft Visual Studio Solution File, Format Version 12.00
# Visual Studio Version 17
VisualStudioVersion = 17.9.34728.123
MinimumVisualStudioVersion = 10.0.40219.1
Project("{2150E333-8FDC-42A3-9474-1A3956D46DE8}") = "src", "src", "{6A6DB19B-0CE7-4B6E-8CE2-472F463CE5D9}"
EndProject
Project("{2150E333-8FDC-42A3-9474-1A3956D46DE8}") = "tests", "tests", "{857EEDC4-EFF0-495A-A393-00BDECF9FFF6}"
EndProject
Project("{9A19103F-16F7-4668-BE54-9A1E7A4F7556}") = "UserManagement.API", "UserManagement.API\UserManagement.API.csproj", "{034F370A-4B59-441C-A53B-E79781665B99}"
EndProject
Project("{9A19103F-16F7-4668-BE54-9A1E7A4F7556}") = "UserManagement.Application", "UserManagement.Application\UserManagement.Application.csproj", "{EBE9552F-F864-40EF-9E6E-9D3C3B92ABA8}"
EndProject
Project("{9A19103F-16F7-4668-BE54-9A1E7A4F7556}") = "UserManagement.Domain", "UserManagement.Domain\UserManagement.Domain.csproj", "{1502E218-B216-4D0C-A7AE-BC2087820E57}"
EndProject
Project("{9A19103F-16F7-4668-BE54-9A1E7A4F7556}") = "UserManagement.Infrastructure.Data", "UserManagement.Infrastructure.Data\UserManagement.Infrastructure.Data.csproj", "{41A8D0CE-3205-4AA2-A0D6-298E8277B19D}"
EndProject
Project("{9A19103F-16F7-4668-BE54-9A1E7A4F7556}") = "BusinessManagement.API", "BusinessManagement.API\BusinessManagement.API.csproj", "{D31F0FFE-F3BE-4DF1-8128-E4D781EC0539}"
EndProject
Project("{9A19103F-16F7-4668-BE54-9A1E7A4F7556}") = "BusinessManagement.Application", "BusinessManagement.Application\BusinessManagement.Application.csproj", "{CDDA329C-164F-46D5-94A1-CA965FE160C0}"
EndProject
Project("{9A19103F-16F7-4668-BE54-9A1E7A4F7556}") = "BusinessManagement.Domain", "BusinessManagement.Domain\BusinessManagement.Domain.csproj", "{696C4862-25DF-4C14-8BB0-8D9EC83D8EA6}"
EndProject
Project("{9A19103F-16F7-4668-BE54-9A1E7A4F7556}") = "BusinessManagement.Infrastructure.Data", "BusinessManagement.Infrastructure.Data\BusinessManagement.Infrastructure.Data.csproj", "{67ACF976-6ABB-4D6D-9237-01F196643F80}"
EndProject
Global
	GlobalSection(SolutionConfigurationPlatforms) = preSolution
		Debug|Any CPU = Debug|Any CPU
		Release|Any CPU = Release|Any CPU
	EndGlobalSection
	GlobalSection(ProjectConfigurationPlatforms) = postSolution
		{034F370A-4B59-441C-A53B-E79781665B99}.Debug|Any CPU.ActiveCfg = Debug|Any CPU
		{034F370A-4B59-441C-A53B-E79781665B99}.Debug|Any CPU.Build.0 = Debug|Any CPU
		{034F370A-4B59-441C-A53B-E79781665B99}.Release|Any CPU.ActiveCfg = Release|Any CPU
		{034F370A-4B59-441C-A53B-E79781665B99}.Release|Any CPU.Build.0 = Release|Any CPU
		{EBE9552F-F864-40EF-9E6E-9D3C3B92ABA8}.Debug|Any CPU.ActiveCfg = Debug|Any CPU
		{EBE9552F-F864-40EF-9E6E-9D3C3B92ABA8}.Debug|Any CPU.Build.0 = Debug|Any CPU
		{EBE9552F-F864-40EF-9E6E-9D3C3B92ABA8}.Release|Any CPU.ActiveCfg = Release|Any CPU
		{EBE9552F-F864-40EF-9E6E-9D3C3B92ABA8}.Release|Any CPU.Build.0 = Release|Any CPU
		{1502E218-B216-4D0C-A7AE-BC2087820E57}.Debug|Any CPU.ActiveCfg = Debug|Any CPU
		{1502E218-B216-4D0C-A7AE-BC2087820E57}.Debug|Any CPU.Build.0 = Debug|Any CPU
		{1502E218-B216-4D0C-A7AE-BC2087820E57}.Release|Any CPU.ActiveCfg = Release|Any CPU
		{1502E218-B216-4D0C-A7AE-BC2087820E57}.Release|Any CPU.Build.0 = Release|Any CPU
		{41A8D0CE-3205-4AA2-A0D6-298E8277B19D}.Debug|Any CPU.ActiveCfg = Debug|Any CPU
		{41A8D0CE-3205-4AA2-A0D6-298E8277B19D}.Debug|Any CPU.Build.0 = Debug|Any CPU
		{41A8D0CE-3205-4AA2-A0D6-298E8277B19D}.Release|Any CPU.ActiveCfg = Release|Any CPU
		{41A8D0CE-3205-4AA2-A0D6-298E8277B19D}.Release|Any CPU.Build.0 = Release|Any CPU
		{D31F0FFE-F3BE-4DF1-8128-E4D781EC0539}.Debug|Any CPU.ActiveCfg = Debug|Any CPU
		{D31F0FFE-F3BE-4DF1-8128-E4D781EC0539}.Debug|Any CPU.Build.0 = Debug|Any CPU
		{D31F0FFE-F3BE-4DF1-8128-E4D781EC0539}.Release|Any CPU.ActiveCfg = Release|Any CPU
		{D31F0FFE-F3BE-4DF1-8128-E4D781EC0539}.Release|Any CPU.Build.0 = Release|Any CPU
		{CDDA329C-164F-46D5-94A1-CA965FE160C0}.Debug|Any CPU.ActiveCfg = Debug|Any CPU
		{CDDA329C-164F-46D5-94A1-CA965FE160C0}.Debug|Any CPU.Build.0 = Debug|Any CPU
		{CDDA329C-164F-46D5-94A1-CA965FE160C0}.Release|Any CPU.ActiveCfg = Release|Any CPU
		{CDDA329C-164F-46D5-94A1-CA965FE160C0}.Release|Any CPU.Build.0 = Release|Any CPU
		{696C4862-25DF-4C14-8BB0-8D9EC83D8EA6}.Debug|Any CPU.ActiveCfg = Debug|Any CPU
		{696C4862-25DF-4C14-8BB0-8D9EC83D8EA6}.Debug|Any CPU.Build.0 = Debug|Any CPU
		{696C4862-25DF-4C14-8BB0-8D9EC83D8EA6}.Release|Any CPU.ActiveCfg = Release|Any CPU
		{696C4862-25DF-4C14-8BB0-8D9EC83D8EA6}.Release|Any CPU.Build.0 = Release|Any CPU
		{67ACF976-6ABB-4D6D-9237-01F196643F80}.Debug|Any CPU.ActiveCfg = Debug|Any CPU
		{67ACF976-6ABB-4D6D-9237-01F196643F80}.Debug|Any CPU.Build.0 = Debug|Any CPU
		{67ACF976-6ABB-4D6D-9237-01F196643F80}.Release|Any CPU.ActiveCfg = Release|Any CPU
		{67ACF976-6ABB-4D6D-9237-01F196643F80}.Release|Any CPU.Build.0 = Release|Any CPU
	EndGlobalSection
	GlobalSection(SolutionProperties) = preSolution
		HideSolutionNode = FALSE
	EndGlobalSection
	GlobalSection(NestedProjects) = preSolution
		{034F370A-4B59-441C-A53B-E79781665B99} = {6A6DB19B-0CE7-4B6E-8CE2-472F463CE5D9}
		{EBE9552F-F864-40EF-9E6E-9D3C3B92ABA8} = {6A6DB19B-0CE7-4B6E-8CE2-472F463CE5D9}
		{1502E218-B216-4D0C-A7AE-BC2087820E57} = {6A6DB19B-0CE7-4B6E-8CE2-472F463CE5D9}
		{41A8D0CE-3205-4AA2-A0D6-298E8277B19D} = {6A6DB19B-0CE7-4B6E-8CE2-472F463CE5D9}
		{D31F0FFE-F3BE-4DF1-8128-E4D781EC0539} = {6A6DB19B-0CE7-4B6E-8CE2-472F463CE5D9}
		{CDDA329C-164F-46D5-94A1-CA965FE160C0} = {6A6DB19B-0CE7-4B6E-8CE2-472F463CE5D9}
		{696C4862-25DF-4C14-8BB0-8D9EC83D8EA6} = {6A6DB19B-0CE7-4B6E-8CE2-472F463CE5D9}
		{67ACF976-6ABB-4D6D-9237-01F196643F80} = {6A6DB19B-0CE7-4B6E-8CE2-472F463CE5D9}
	EndGlobalSection
	GlobalSection(ExtensibilityGlobals) = postSolution
		SolutionGuid = {D44528BA-0292-465D-A0A4-AEDBAA4C531D}
	EndGlobalSection
EndGlobal
